
Microsoft Visual Studio Solution File, Format Version 12.00
# Visual Studio Version 17
VisualStudioVersion = 17.0.31903.59
MinimumVisualStudioVersion = 10.0.40219.1
Project("{9A19103F-16F7-4668-BE54-9A1E7A4F7556}") = "Organization.Api", "Organization.Api\Organization.Api.csproj", "{416D005D-7088-449D-8C37-751B9AA56EB4}"
EndProject
Project("{9A19103F-16F7-4668-BE54-9A1E7A4F7556}") = "Organization.Worker", "Organization.Worker\Organization.Worker.csproj", "{35DFF004-BAF8-400E-9F01-75868892992C}"
EndProject
Project("{9A19103F-16F7-4668-BE54-9A1E7A4F7556}") = "Organization.Business", "Organization.Business\Organization.Business.csproj", "{B5B01654-F94C-46BA-82A1-270B81BB9E28}"
EndProject
Project("{9A19103F-16F7-4668-BE54-9A1E7A4F7556}") = "Organization.IdentityServer", "Organization.IdentityServer\Organization.IdentityServer.csproj", "{0140559D-3B4D-47DC-9C38-57AD97E83E4F}"
EndProject
Project("{9A19103F-16F7-4668-BE54-9A1E7A4F7556}") = "Organization.Repository", "Organization.Repository\Organization.Repository.csproj", "{569CC66D-33C6-4230-A1B5-954AEC183251}"
EndProject
Project("{9A19103F-16F7-4668-BE54-9A1E7A4F7556}") = "Organization.Entity", "Organization.Entity\Organization.Entity.csproj", "{0805D081-866B-4D98-830F-E66D6BE398A0}"
EndProject
Global
	GlobalSection(SolutionConfigurationPlatforms) = preSolution
		Debug|Any CPU = Debug|Any CPU
		Release|Any CPU = Release|Any CPU
	EndGlobalSection
	GlobalSection(ProjectConfigurationPlatforms) = postSolution
		{416D005D-7088-449D-8C37-751B9AA56EB4}.Debug|Any CPU.ActiveCfg = Debug|Any CPU
		{416D005D-7088-449D-8C37-751B9AA56EB4}.Debug|Any CPU.Build.0 = Debug|Any CPU
		{416D005D-7088-449D-8C37-751B9AA56EB4}.Release|Any CPU.ActiveCfg = Release|Any CPU
		{416D005D-7088-449D-8C37-751B9AA56EB4}.Release|Any CPU.Build.0 = Release|Any CPU
		{35DFF004-BAF8-400E-9F01-75868892992C}.Debug|Any CPU.ActiveCfg = Debug|Any CPU
		{35DFF004-BAF8-400E-9F01-75868892992C}.Debug|Any CPU.Build.0 = Debug|Any CPU
		{35DFF004-BAF8-400E-9F01-75868892992C}.Release|Any CPU.ActiveCfg = Release|Any CPU
		{35DFF004-BAF8-400E-9F01-75868892992C}.Release|Any CPU.Build.0 = Release|Any CPU
		{B5B01654-F94C-46BA-82A1-270B81BB9E28}.Debug|Any CPU.ActiveCfg = Debug|Any CPU
		{B5B01654-F94C-46BA-82A1-270B81BB9E28}.Debug|Any CPU.Build.0 = Debug|Any CPU
		{B5B01654-F94C-46BA-82A1-270B81BB9E28}.Release|Any CPU.ActiveCfg = Release|Any CPU
		{B5B01654-F94C-46BA-82A1-270B81BB9E28}.Release|Any CPU.Build.0 = Release|Any CPU
		{0140559D-3B4D-47DC-9C38-57AD97E83E4F}.Debug|Any CPU.ActiveCfg = Debug|Any CPU
		{0140559D-3B4D-47DC-9C38-57AD97E83E4F}.Debug|Any CPU.Build.0 = Debug|Any CPU
		{0140559D-3B4D-47DC-9C38-57AD97E83E4F}.Release|Any CPU.ActiveCfg = Release|Any CPU
		{0140559D-3B4D-47DC-9C38-57AD97E83E4F}.Release|Any CPU.Build.0 = Release|Any CPU
		{569CC66D-33C6-4230-A1B5-954AEC183251}.Debug|Any CPU.ActiveCfg = Debug|Any CPU
		{569CC66D-33C6-4230-A1B5-954AEC183251}.Debug|Any CPU.Build.0 = Debug|Any CPU
		{569CC66D-33C6-4230-A1B5-954AEC183251}.Release|Any CPU.ActiveCfg = Release|Any CPU
		{569CC66D-33C6-4230-A1B5-954AEC183251}.Release|Any CPU.Build.0 = Release|Any CPU
		{0805D081-866B-4D98-830F-E66D6BE398A0}.Debug|Any CPU.ActiveCfg = Debug|Any CPU
		{0805D081-866B-4D98-830F-E66D6BE398A0}.Debug|Any CPU.Build.0 = Debug|Any CPU
		{0805D081-866B-4D98-830F-E66D6BE398A0}.Release|Any CPU.ActiveCfg = Release|Any CPU
		{0805D081-866B-4D98-830F-E66D6BE398A0}.Release|Any CPU.Build.0 = Release|Any CPU
	EndGlobalSection
	GlobalSection(SolutionProperties) = preSolution
		HideSolutionNode = FALSE
	EndGlobalSection
	GlobalSection(ExtensibilityGlobals) = postSolution
		SolutionGuid = {F8AFC660-25F7-4B98-B94F-D4E8447A0A59}
	EndGlobalSection
EndGlobal
